
Microsoft Visual Studio Solution File, Format Version 12.00
# Visual Studio Version 17
VisualStudioVersion = 17.8.34330.188
MinimumVisualStudioVersion = 10.0.40219.1
Project("{9A19103F-16F7-4668-BE54-9A1E7A4F7556}") = "HotaRmgTemplateEditor", "HotaRmgTemplateEditor\HotaRmgTemplateEditor.csproj", "{1EFCC951-0ACE-4A04-9861-30C6A83E074F}"
EndProject
Project("{FAE04EC0-301F-11D3-BF4B-00C04F79EFBC}") = "HotaRmgTemplateEditor.Domain", "HotaRmgTemplateEditor.Domain\HotaRmgTemplateEditor.Domain.csproj", "{3A10D22F-D04D-440F-A70C-989E81135B34}"
EndProject
Project("{2150E333-8FDC-42A3-9474-1A3956D46DE8}") = "Solution Items", "Solution Items", "{ADAF96F8-1A62-4612-AB0F-52E05FEBAE92}"
	ProjectSection(SolutionItems) = preProject
		.editorconfig = .editorconfig
	EndProjectSection
EndProject
Global
	GlobalSection(SolutionConfigurationPlatforms) = preSolution
		Debug|Any CPU = Debug|Any CPU
		Release|Any CPU = Release|Any CPU
	EndGlobalSection
	GlobalSection(ProjectConfigurationPlatforms) = postSolution
		{1EFCC951-0ACE-4A04-9861-30C6A83E074F}.Debug|Any CPU.ActiveCfg = Debug|Any CPU
		{1EFCC951-0ACE-4A04-9861-30C6A83E074F}.Debug|Any CPU.Build.0 = Debug|Any CPU
		{1EFCC951-0ACE-4A04-9861-30C6A83E074F}.Release|Any CPU.ActiveCfg = Release|Any CPU
		{1EFCC951-0ACE-4A04-9861-30C6A83E074F}.Release|Any CPU.Build.0 = Release|Any CPU
		{3A10D22F-D04D-440F-A70C-989E81135B34}.Debug|Any CPU.ActiveCfg = Debug|Any CPU
		{3A10D22F-D04D-440F-A70C-989E81135B34}.Debug|Any CPU.Build.0 = Debug|Any CPU
		{3A10D22F-D04D-440F-A70C-989E81135B34}.Release|Any CPU.ActiveCfg = Release|Any CPU
		{3A10D22F-D04D-440F-A70C-989E81135B34}.Release|Any CPU.Build.0 = Release|Any CPU
	EndGlobalSection
	GlobalSection(SolutionProperties) = preSolution
		HideSolutionNode = FALSE
	EndGlobalSection
	GlobalSection(ExtensibilityGlobals) = postSolution
		SolutionGuid = {586DEF63-3A50-47CF-BF9C-FACB60EA5286}
	EndGlobalSection
EndGlobal
